
Microsoft Visual Studio Solution File, Format Version 12.00
# Visual Studio Version 17
VisualStudioVersion = 17.8.34330.188
MinimumVisualStudioVersion = 10.0.40219.1
Project("{9A19103F-16F7-4668-BE54-9A1E7A4F7556}") = "BankSystem", "BankSystem\BankSystem.csproj", "{01D58535-8547-4509-9CE2-43E768AB3041}"
EndProject
Global
	GlobalSection(SolutionConfigurationPlatforms) = preSolution
		Debug|Any CPU = Debug|Any CPU
		Release|Any CPU = Release|Any CPU
	EndGlobalSection
	GlobalSection(ProjectConfigurationPlatforms) = postSolution
		{01D58535-8547-4509-9CE2-43E768AB3041}.Debug|Any CPU.ActiveCfg = Debug|Any CPU
		{01D58535-8547-4509-9CE2-43E768AB3041}.Debug|Any CPU.Build.0 = Debug|Any CPU
		{01D58535-8547-4509-9CE2-43E768AB3041}.Release|Any CPU.ActiveCfg = Release|Any CPU
		{01D58535-8547-4509-9CE2-43E768AB3041}.Release|Any CPU.Build.0 = Release|Any CPU
	EndGlobalSection
	GlobalSection(SolutionProperties) = preSolution
		HideSolutionNode = FALSE
	EndGlobalSection
	GlobalSection(ExtensibilityGlobals) = postSolution
		SolutionGuid = {46CE77B8-6A64-406A-A6D0-956EB1812BAD}
	EndGlobalSection
EndGlobal
